// !$*UTF8*$!
{
	archiveVersion = 1;
	classes = {
	};
	objectVersion = 46;
	objects = {

/* Begin PBXBuildFile section */
		438E76151FD0A3F6001DB6E3 /* AppDelegate.swift in Sources */ = {isa = PBXBuildFile; fileRef = 438E76141FD0A3F6001DB6E3 /* AppDelegate.swift */; };
		438E76171FD0A3F6001DB6E3 /* ViewController.swift in Sources */ = {isa = PBXBuildFile; fileRef = 438E76161FD0A3F6001DB6E3 /* ViewController.swift */; };
		438E761A1FD0A3F6001DB6E3 /* Main.storyboard in Resources */ = {isa = PBXBuildFile; fileRef = 438E76181FD0A3F6001DB6E3 /* Main.storyboard */; };
		438E761D1FD0A3F6001DB6E3 /* MapaDef.xcdatamodeld in Sources */ = {isa = PBXBuildFile; fileRef = 438E761B1FD0A3F6001DB6E3 /* MapaDef.xcdatamodeld */; };
		438E761F1FD0A3F6001DB6E3 /* Assets.xcassets in Resources */ = {isa = PBXBuildFile; fileRef = 438E761E1FD0A3F6001DB6E3 /* Assets.xcassets */; };
		438E76221FD0A3F6001DB6E3 /* LaunchScreen.storyboard in Resources */ = {isa = PBXBuildFile; fileRef = 438E76201FD0A3F6001DB6E3 /* LaunchScreen.storyboard */; };
/* End PBXBuildFile section */

/* Begin PBXFileReference section */
		438E76111FD0A3F6001DB6E3 /* MapaDef.app */ = {isa = PBXFileReference; explicitFileType = wrapper.application; includeInIndex = 0; path = MapaDef.app; sourceTree = BUILT_PRODUCTS_DIR; };
		438E76141FD0A3F6001DB6E3 /* AppDelegate.swift */ = {isa = PBXFileReference; lastKnownFileType = sourcecode.swift; path = AppDelegate.swift; sourceTree = "<group>"; };
		438E76161FD0A3F6001DB6E3 /* ViewController.swift */ = {isa = PBXFileReference; lastKnownFileType = sourcecode.swift; path = ViewController.swift; sourceTree = "<group>"; };
		438E76191FD0A3F6001DB6E3 /* Base */ = {isa = PBXFileReference; lastKnownFileType = file.storyboard; name = Base; path = Base.lproj/Main.storyboard; sourceTree = "<group>"; };
		438E761C1FD0A3F6001DB6E3 /* MapaDef.xcdatamodel */ = {isa = PBXFileReference; lastKnownFileType = wrapper.xcdatamodel; path = MapaDef.xcdatamodel; sourceTree = "<group>"; };
		438E761E1FD0A3F6001DB6E3 /* Assets.xcassets */ = {isa = PBXFileReference; lastKnownFileType = folder.assetcatalog; path = Assets.xcassets; sourceTree = "<group>"; };
		438E76211FD0A3F6001DB6E3 /* Base */ = {isa = PBXFileReference; lastKnownFileType = file.storyboard; name = Base; path = Base.lproj/LaunchScreen.storyboard; sourceTree = "<group>"; };
		438E76231FD0A3F6001DB6E3 /* Info.plist */ = {isa = PBXFileReference; lastKnownFileType = text.plist.xml; path = Info.plist; sourceTree = "<group>"; };
/* End PBXFileReference section */

/* Begin PBXFrameworksBuildPhase section */
		438E760E1FD0A3F6001DB6E3 /* Frameworks */ = {
			isa = PBXFrameworksBuildPhase;
			buildActionMask = 2147483647;
			files = (
			);
			runOnlyForDeploymentPostprocessing = 0;
		};
/* End PBXFrameworksBuildPhase section */

/* Begin PBXGroup section */
		438E76081FD0A3F6001DB6E3 = {
			isa = PBXGroup;
			children = (
				438E76131FD0A3F6001DB6E3 /* MapaDef */,
				438E76121FD0A3F6001DB6E3 /* Products */,
			);
			sourceTree = "<group>";
		};
		438E76121FD0A3F6001DB6E3 /* Products */ = {
			isa = PBXGroup;
			children = (
				438E76111FD0A3F6001DB6E3 /* MapaDef.app */,
			);
			name = Products;
			sourceTree = "<group>";
		};
		438E76131FD0A3F6001DB6E3 /* MapaDef */ = {
			isa = PBXGroup;
			children = (
				438E76141FD0A3F6001DB6E3 /* AppDelegate.swift */,
				438E76161FD0A3F6001DB6E3 /* ViewController.swift */,
				438E76181FD0A3F6001DB6E3 /* Main.storyboard */,
				438E761E1FD0A3F6001DB6E3 /* Assets.xcassets */,
				438E76201FD0A3F6001DB6E3 /* LaunchScreen.storyboard */,
				438E76231FD0A3F6001DB6E3 /* Info.plist */,
				438E761B1FD0A3F6001DB6E3 /* MapaDef.xcdatamodeld */,
			);
			path = MapaDef;
			sourceTree = "<group>";
		};
/* End PBXGroup section */

/* Begin PBXNativeTarget section */
		438E76101FD0A3F6001DB6E3 /* MapaDef */ = {
			isa = PBXNativeTarget;
			buildConfigurationList = 438E76261FD0A3F6001DB6E3 /* Build configuration list for PBXNativeTarget "MapaDef" */;
			buildPhases = (
				438E760D1FD0A3F6001DB6E3 /* Sources */,
				438E760E1FD0A3F6001DB6E3 /* Frameworks */,
				438E760F1FD0A3F6001DB6E3 /* Resources */,
			);
			buildRules = (
			);
			dependencies = (
			);
			name = MapaDef;
			productName = MapaDef;
			productReference = 438E76111FD0A3F6001DB6E3 /* MapaDef.app */;
			productType = "com.apple.product-type.application";
		};
/* End PBXNativeTarget section */

/* Begin PBXProject section */
		438E76091FD0A3F6001DB6E3 /* Project object */ = {
			isa = PBXProject;
			attributes = {
				LastSwiftUpdateCheck = 0830;
				LastUpgradeCheck = 0830;
				ORGANIZATIONNAME = KevinGonzalez;
				TargetAttributes = {
					438E76101FD0A3F6001DB6E3 = {
						CreatedOnToolsVersion = 8.3.3;
						ProvisioningStyle = Automatic;
					};
				};
			};
			buildConfigurationList = 438E760C1FD0A3F6001DB6E3 /* Build configuration list for PBXProject "MapaDef" */;
			compatibilityVersion = "Xcode 3.2";
			developmentRegion = English;
			hasScannedForEncodings = 0;
			knownRegions = (
				en,
				Base,
			);
			mainGroup = 438E76081FD0A3F6001DB6E3;
			productRefGroup = 438E76121FD0A3F6001DB6E3 /* Products */;
			projectDirPath = "";
			projectRoot = "";
			targets = (
				438E76101FD0A3F6001DB6E3 /* MapaDef */,
			);
		};
/* End PBXProject section */

/* Begin PBXResourcesBuildPhase section */
		438E760F1FD0A3F6001DB6E3 /* Resources */ = {
			isa = PBXResourcesBuildPhase;
			buildActionMask = 2147483647;
			files = (
				438E76221FD0A3F6001DB6E3 /* LaunchScreen.storyboard in Resources */,
				438E761F1FD0A3F6001DB6E3 /* Assets.xcassets in Resources */,
				438E761A1FD0A3F6001DB6E3 /* Main.storyboard in Resources */,
			);
			runOnlyForDeploymentPostprocessing = 0;
		};
/* End PBXResourcesBuildPhase section */

/* Begin PBXSourcesBuildPhase section */
		438E760D1FD0A3F6001DB6E3 /* Sources */ = {
			isa = PBXSourcesBuildPhase;
			buildActionMask = 2147483647;
			files = (
				438E76171FD0A3F6001DB6E3 /* ViewController.swift in Sources */,
				438E76151FD0A3F6001DB6E3 /* AppDelegate.swift in Sources */,
				438E761D1FD0A3F6001DB6E3 /* MapaDef.xcdatamodeld in Sources */,
			);
			runOnlyForDeploymentPostprocessing = 0;
		};
/* End PBXSourcesBuildPhase section */

/* Begin PBXVariantGroup section */
		438E76181FD0A3F6001DB6E3 /* Main.storyboard */ = {
			isa = PBXVariantGroup;
			children = (
				438E76191FD0A3F6001DB6E3 /* Base */,
			);
			name = Main.storyboard;
			sourceTree = "<group>";
		};
		438E76201FD0A3F6001DB6E3 /* LaunchScreen.storyboard */ = {
			isa = PBXVariantGroup;
			children = (
				438E76211FD0A3F6001DB6E3 /* Base */,
			);
			name = LaunchScreen.storyboard;
			sourceTree = "<group>";
		};
/* End PBXVariantGroup section */

/* Begin XCBuildConfiguration section */
		438E76241FD0A3F6001DB6E3 /* Debug */ = {
			isa = XCBuildConfiguration;
			buildSettings = {
				ALWAYS_SEARCH_USER_PATHS = NO;
				CLANG_ANALYZER_NONNULL = YES;
				CLANG_ANALYZER_NUMBER_OBJECT_CONVERSION = YES_AGGRESSIVE;
				CLANG_CXX_LANGUAGE_STANDARD = "gnu++0x";
				CLANG_CXX_LIBRARY = "libc++";
				CLANG_ENABLE_MODULES = YES;
				CLANG_ENABLE_OBJC_ARC = YES;
				CLANG_WARN_BOOL_CONVERSION = YES;
				CLANG_WARN_CONSTANT_CONVERSION = YES;
				CLANG_WARN_DIRECT_OBJC_ISA_USAGE = YES_ERROR;
				CLANG_WARN_DOCUMENTATION_COMMENTS = YES;
				CLANG_WARN_EMPTY_BODY = YES;
				CLANG_WARN_ENUM_CONVERSION = YES;
				CLANG_WARN_INFINITE_RECURSION = YES;
				CLANG_WARN_INT_CONVERSION = YES;
				CLANG_WARN_OBJC_ROOT_CLASS = YES_ERROR;
				CLANG_WARN_SUSPICIOUS_MOVE = YES;
				CLANG_WARN_UNREACHABLE_CODE = YES;
				CLANG_WARN__DUPLICATE_METHOD_MATCH = YES;
				"CODE_SIGN_IDENTITY[sdk=iphoneos*]" = "iPhone Developer";
				COPY_PHASE_STRIP = NO;
				DEBUG_INFORMATION_FORMAT = dwarf;
				ENABLE_STRICT_OBJC_MSGSEND = YES;
				ENABLE_TESTABILITY = YES;
				GCC_C_LANGUAGE_STANDARD = gnu99;
				GCC_DYNAMIC_NO_PIC = NO;
				GCC_NO_COMMON_BLOCKS = YES;
				GCC_OPTIMIZATION_LEVEL = 0;
				GCC_PREPROCESSOR_DEFINITIONS = (
					"DEBUG=1",
					"$(inherited)",
				);
				GCC_WARN_64_TO_32_BIT_CONVERSION = YES;
				GCC_WARN_ABOUT_RETURN_TYPE = YES_ERROR;
				GCC_WARN_UNDECLARED_SELECTOR = YES;
				GCC_WARN_UNINITIALIZED_AUTOS = YES_AGGRESSIVE;
				GCC_WARN_UNUSED_FUNCTION = YES;
				GCC_WARN_UNUSED_VARIABLE = YES;
				IPHONEOS_DEPLOYMENT_TARGET = 10.3;
				MTL_ENABLE_DEBUG_INFO = YES;
				ONLY_ACTIVE_ARCH = YES;
				SDKROOT = iphoneos;
				SWIFT_ACTIVE_COMPILATION_CONDITIONS = DEBUG;
				SWIFT_OPTIMIZATION_LEVEL = "-Onone";
				TARGETED_DEVICE_FAMILY = "1,2";
			};
			name = Debug;
		};
		438E76251FD0A3F6001DB6E3 /* Release */ = {
			isa = XCBuildConfiguration;
			buildSettings = {
				ALWAYS_SEARCH_USER_PATHS = NO;
				CLANG_ANALYZER_NONNULL = YES;
				CLANG_ANALYZER_NUMBER_OBJECT_CONVERSION = YES_AGGRESSIVE;
				CLANG_CXX_LANGUAGE_STANDARD = "gnu++0x";
				CLANG_CXX_LIBRARY = "libc++";
				CLANG_ENABLE_MODULES = YES;
				CLANG_ENABLE_OBJC_ARC = YES;
				CLANG_WARN_BOOL_CONVERSION = YES;
				CLANG_WARN_CONSTANT_CONVERSION = YES;
				CLANG_WARN_DIRECT_OBJC_ISA_USAGE = YES_ERROR;
				CLANG_WARN_DOCUMENTATION_COMMENTS = YES;
				CLANG_WARN_EMPTY_BODY = YES;
				CLANG_WARN_ENUM_CONVERSION = YES;
				CLANG_WARN_INFINITE_RECURSION = YES;
				CLANG_WARN_INT_CONVERSION = YES;
				CLANG_WARN_OBJC_ROOT_CLASS = YES_ERROR;
				CLANG_WARN_SUSPICIOUS_MOVE = YES;
				CLANG_WARN_UNREACHABLE_CODE = YES;
				CLANG_WARN__DUPLICATE_METHOD_MATCH = YES;
				"CODE_SIGN_IDENTITY[sdk=iphoneos*]" = "iPhone Developer";
				COPY_PHASE_STRIP = NO;
				DEBUG_INFORMATION_FORMAT = "dwarf-with-dsym";
				ENABLE_NS_ASSERTIONS = NO;
				ENABLE_STRICT_OBJC_MSGSEND = YES;
				GCC_C_LANGUAGE_STANDARD = gnu99;
				GCC_NO_COMMON_BLOCKS = YES;
				GCC_WARN_64_TO_32_BIT_CONVERSION = YES;
				GCC_WARN_ABOUT_RETURN_TYPE = YES_ERROR;
				GCC_WARN_UNDECLARED_SELECTOR = YES;
				GCC_WARN_UNINITIALIZED_AUTOS = YES_AGGRESSIVE;
				GCC_WARN_UNUSED_FUNCTION = YES;
				GCC_WARN_UNUSED_VARIABLE = YES;
				IPHONEOS_DEPLOYMENT_TARGET = 10.3;
				MTL_ENABLE_DEBUG_INFO = NO;
				SDKROOT = iphoneos;
				SWIFT_OPTIMIZATION_LEVEL = "-Owholemodule";
				TARGETED_DEVICE_FAMILY = "1,2";
				VALIDATE_PRODUCT = YES;
			};
			name = Release;
		};
		438E76271FD0A3F6001DB6E3 /* Debug */ = {
			isa = XCBuildConfiguration;
			buildSettings = {
				ASSETCATALOG_COMPILER_APPICON_NAME = AppIcon;
				INFOPLIST_FILE = MapaDef/Info.plist;
				LD_RUNPATH_SEARCH_PATHS = "$(inherited) @executable_path/Frameworks";
				PRODUCT_BUNDLE_IDENTIFIER = USFQ.MapaDef;
				PRODUCT_NAME = "$(TARGET_NAME)";
				SWIFT_VERSION = 3.0;
			};
			name = Debug;
		};
		438E76281FD0A3F6001DB6E3 /* Release */ = {
			isa = XCBuildConfiguration;
			buildSettings = {
				ASSETCATALOG_COMPILER_APPICON_NAME = AppIcon;
				INFOPLIST_FILE = MapaDef/Info.plist;
				LD_RUNPATH_SEARCH_PATHS = "$(inherited) @executable_path/Frameworks";
				PRODUCT_BUNDLE_IDENTIFIER = USFQ.MapaDef;
				PRODUCT_NAME = "$(TARGET_NAME)";
				SWIFT_VERSION = 3.0;
			};
			name = Release;
		};
/* End XCBuildConfiguration section */

/* Begin XCConfigurationList section */
		438E760C1FD0A3F6001DB6E3 /* Build configuration list for PBXProject "MapaDef" */ = {
			isa = XCConfigurationList;
			buildConfigurations = (
				438E76241FD0A3F6001DB6E3 /* Debug */,
				438E76251FD0A3F6001DB6E3 /* Release */,
			);
			defaultConfigurationIsVisible = 0;
			defaultConfigurationName = Release;
		};
		438E76261FD0A3F6001DB6E3 /* Build configuration list for PBXNativeTarget "MapaDef" */ = {
			isa = XCConfigurationList;
			buildConfigurations = (
				438E76271FD0A3F6001DB6E3 /* Debug */,
				438E76281FD0A3F6001DB6E3 /* Release */,
			);
			defaultConfigurationIsVisible = 0;
		};
/* End XCConfigurationList section */

/* Begin XCVersionGroup section */
		438E761B1FD0A3F6001DB6E3 /* MapaDef.xcdatamodeld */ = {
			isa = XCVersionGroup;
			children = (
				438E761C1FD0A3F6001DB6E3 /* MapaDef.xcdatamodel */,
			);
			currentVersion = 438E761C1FD0A3F6001DB6E3 /* MapaDef.xcdatamodel */;
			path = MapaDef.xcdatamodeld;
			sourceTree = "<group>";
			versionGroupType = wrapper.xcdatamodel;
		};
/* End XCVersionGroup section */
	};
	rootObject = 438E76091FD0A3F6001DB6E3 /* Project object */;
}
